
Microsoft Visual Studio Solution File, Format Version 12.00
# Visual Studio Version 16
VisualStudioVersion = 16.0.35130.168
MinimumVisualStudioVersion = 10.0.40219.1
Project("{FAE04EC0-301F-11D3-BF4B-00C04F79EFBC}") = "mvcproject_jobsearch", "mvcproject_jobsearch\mvcproject_jobsearch.csproj", "{5232DF96-2888-4F88-A0B2-8C86886E7761}"
EndProject
Global
	GlobalSection(SolutionConfigurationPlatforms) = preSolution
		Debug|Any CPU = Debug|Any CPU
		Release|Any CPU = Release|Any CPU
	EndGlobalSection
	GlobalSection(ProjectConfigurationPlatforms) = postSolution
		{5232DF96-2888-4F88-A0B2-8C86886E7761}.Debug|Any CPU.ActiveCfg = Debug|Any CPU
		{5232DF96-2888-4F88-A0B2-8C86886E7761}.Debug|Any CPU.Build.0 = Debug|Any CPU
		{5232DF96-2888-4F88-A0B2-8C86886E7761}.Release|Any CPU.ActiveCfg = Release|Any CPU
		{5232DF96-2888-4F88-A0B2-8C86886E7761}.Release|Any CPU.Build.0 = Release|Any CPU
	EndGlobalSection
	GlobalSection(SolutionProperties) = preSolution
		HideSolutionNode = FALSE
	EndGlobalSection
	GlobalSection(ExtensibilityGlobals) = postSolution
		SolutionGuid = {86BF4CE4-863B-4923-A78F-A8F85A8AED8F}
	EndGlobalSection
EndGlobal
